
Microsoft Visual Studio Solution File, Format Version 12.00
# Visual Studio 2017
Project("{FAE04EC0-301F-11D3-BF4B-00C04F79EFBC}") = "TerrainStudy", "TerrainStudy.csproj", "{559F64D4-A88E-C455-EF68-3DA953202DFD}"
EndProject
Global
	GlobalSection(SolutionConfigurationPlatforms) = preSolution
		Debug|Any CPU = Debug|Any CPU
		Release|Any CPU = Release|Any CPU
	EndGlobalSection
	GlobalSection(ProjectConfigurationPlatforms) = postSolution
		{559F64D4-A88E-C455-EF68-3DA953202DFD}.Debug|Any CPU.ActiveCfg = Debug|Any CPU
		{559F64D4-A88E-C455-EF68-3DA953202DFD}.Debug|Any CPU.Build.0 = Debug|Any CPU
		{559F64D4-A88E-C455-EF68-3DA953202DFD}.Release|Any CPU.ActiveCfg = Release|Any CPU
		{559F64D4-A88E-C455-EF68-3DA953202DFD}.Release|Any CPU.Build.0 = Release|Any CPU
	EndGlobalSection
	GlobalSection(SolutionProperties) = preSolution
		HideSolutionNode = FALSE
	EndGlobalSection
EndGlobal
